// !$*UTF8*$!
{
	archiveVersion = 1;
	classes = {
	};
	objectVersion = 55;
	objects = {

/* Begin PBXBuildFile section */
		581BB8E9289763A10052D000 /* Main.storyboard in Resources */ = {isa = PBXBuildFile; fileRef = 581BB8E7289763A10052D000 /* Main.storyboard */; };
		581BB8EB289763A10052D000 /* Assets.xcassets in Resources */ = {isa = PBXBuildFile; fileRef = 581BB8EA289763A10052D000 /* Assets.xcassets */; };
		581BB8EE289763A10052D000 /* LaunchScreen.storyboard in Resources */ = {isa = PBXBuildFile; fileRef = 581BB8EC289763A10052D000 /* LaunchScreen.storyboard */; };
		581BB8F1289763A10052D000 /* main.m in Sources */ = {isa = PBXBuildFile; fileRef = 581BB8F0289763A10052D000 /* main.m */; };
		581BB8FB289763A10052D000 /* ________Tests.m in Sources */ = {isa = PBXBuildFile; fileRef = 581BB8FA289763A10052D000 /* ________Tests.m */; };
		581BB905289763A10052D000 /* ________UITests.m in Sources */ = {isa = PBXBuildFile; fileRef = 581BB904289763A10052D000 /* ________UITests.m */; };
		581BB907289763A10052D000 /* ________UITestsLaunchTests.m in Sources */ = {isa = PBXBuildFile; fileRef = 581BB906289763A10052D000 /* ________UITestsLaunchTests.m */; };
		581BB918289763FC0052D000 /* RegisterViewController.m in Sources */ = {isa = PBXBuildFile; fileRef = 581BB915289763FC0052D000 /* RegisterViewController.m */; };
		581BB919289763FC0052D000 /* LogViewController.m in Sources */ = {isa = PBXBuildFile; fileRef = 581BB916289763FC0052D000 /* LogViewController.m */; };
		581BB9352897643C0052D000 /* InitViewController.m in Sources */ = {isa = PBXBuildFile; fileRef = 581BB92D2897643C0052D000 /* InitViewController.m */; };
		581BB9362897643C0052D000 /* ViewController.m in Sources */ = {isa = PBXBuildFile; fileRef = 581BB92E2897643C0052D000 /* ViewController.m */; };
		581BB9372897643C0052D000 /* SceneDelegate.m in Sources */ = {isa = PBXBuildFile; fileRef = 581BB92F2897643C0052D000 /* SceneDelegate.m */; };
		581BB9392897643C0052D000 /* AppDelegate.m in Sources */ = {isa = PBXBuildFile; fileRef = 581BB9312897643C0052D000 /* AppDelegate.m */; };
		581BB93C289765260052D000 /* 1.jpg in Resources */ = {isa = PBXBuildFile; fileRef = 581BB93B289765260052D000 /* 1.jpg */; };
		581BB93E289766240052D000 /* back_img.png in Resources */ = {isa = PBXBuildFile; fileRef = 581BB93D289766240052D000 /* back_img.png */; };
		581BB942289768550052D000 /* 2.jpg in Resources */ = {isa = PBXBuildFile; fileRef = 581BB941289768550052D000 /* 2.jpg */; };
		581BB944289768A80052D000 /* email_img.png in Resources */ = {isa = PBXBuildFile; fileRef = 581BB943289768A80052D000 /* email_img.png */; };
		581BB946289768AE0052D000 /* user_img.png in Resources */ = {isa = PBXBuildFile; fileRef = 581BB945289768AE0052D000 /* user_img.png */; };
		581BB948289768B20052D000 /* pass_img.png in Resources */ = {isa = PBXBuildFile; fileRef = 581BB947289768B20052D000 /* pass_img.png */; };
		581BB94B289768F90052D000 /* checked1.png in Resources */ = {isa = PBXBuildFile; fileRef = 581BB949289768F90052D000 /* checked1.png */; };
		581BB94C289768F90052D000 /* unchecked1.png in Resources */ = {isa = PBXBuildFile; fileRef = 581BB94A289768F90052D000 /* unchecked1.png */; };
		581BB950289769630052D000 /* HomeViewController.m in Sources */ = {isa = PBXBuildFile; fileRef = 581BB94F289769630052D000 /* HomeViewController.m */; };
		581BB952289769E30052D000 /* background.png in Resources */ = {isa = PBXBuildFile; fileRef = 581BB951289769E30052D000 /* background.png */; };
		581BB95528977F3F0052D000 /* MyTableViewCell.m in Sources */ = {isa = PBXBuildFile; fileRef = 581BB95428977F3F0052D000 /* MyTableViewCell.m */; };
		581BB958289798700052D000 /* IncreaseViewController.m in Sources */ = {isa = PBXBuildFile; fileRef = 581BB957289798700052D000 /* IncreaseViewController.m */; };
		581BB95B289798810052D000 /* DeleteViewController.m in Sources */ = {isa = PBXBuildFile; fileRef = 581BB95A289798810052D000 /* DeleteViewController.m */; };
		581BB95E289798910052D000 /* ChangeViewController.m in Sources */ = {isa = PBXBuildFile; fileRef = 581BB95D289798910052D000 /* ChangeViewController.m */; };
		581BB961289798A30052D000 /* SearchViewController.m in Sources */ = {isa = PBXBuildFile; fileRef = 581BB960289798A30052D000 /* SearchViewController.m */; };
		581BB964289798B30052D000 /* SortViewController.m in Sources */ = {isa = PBXBuildFile; fileRef = 581BB963289798B30052D000 /* SortViewController.m */; };
		581BB9682897A7640052D000 /* chengji.png in Resources */ = {isa = PBXBuildFile; fileRef = 581BB9652897A7630052D000 /* chengji.png */; };
		581BB9692897A7640052D000 /* banji.png in Resources */ = {isa = PBXBuildFile; fileRef = 581BB9662897A7630052D000 /* banji.png */; };
		581BB96A2897A7640052D000 /* xingming.png in Resources */ = {isa = PBXBuildFile; fileRef = 581BB9672897A7630052D000 /* xingming.png */; };
/* End PBXBuildFile section */

/* Begin PBXContainerItemProxy section */
		581BB8F7289763A10052D000 /* PBXContainerItemProxy */ = {
			isa = PBXContainerItemProxy;
			containerPortal = 581BB8D3289763A10052D000 /* Project object */;
			proxyType = 1;
			remoteGlobalIDString = 581BB8DA289763A10052D000;
			remoteInfo = "4.学生管理系统";
		};
		581BB901289763A10052D000 /* PBXContainerItemProxy */ = {
			isa = PBXContainerItemProxy;
			containerPortal = 581BB8D3289763A10052D000 /* Project object */;
			proxyType = 1;
			remoteGlobalIDString = 581BB8DA289763A10052D000;
			remoteInfo = "4.学生管理系统";
		};
/* End PBXContainerItemProxy section */

/* Begin PBXFileReference section */
		581BB8DB289763A10052D000 /* 4.学生管理系统.app */ = {isa = PBXFileReference; explicitFileType = wrapper.application; includeInIndex = 0; path = "4.学生管理系统.app"; sourceTree = BUILT_PRODUCTS_DIR; };
		581BB8E8289763A10052D000 /* Base */ = {isa = PBXFileReference; lastKnownFileType = file.storyboard; name = Base; path = Base.lproj/Main.storyboard; sourceTree = "<group>"; };
		581BB8EA289763A10052D000 /* Assets.xcassets */ = {isa = PBXFileReference; lastKnownFileType = folder.assetcatalog; path = Assets.xcassets; sourceTree = "<group>"; };
		581BB8ED289763A10052D000 /* Base */ = {isa = PBXFileReference; lastKnownFileType = file.storyboard; name = Base; path = Base.lproj/LaunchScreen.storyboard; sourceTree = "<group>"; };
		581BB8EF289763A10052D000 /* Info.plist */ = {isa = PBXFileReference; lastKnownFileType = text.plist.xml; path = Info.plist; sourceTree = "<group>"; };
		581BB8F0289763A10052D000 /* main.m */ = {isa = PBXFileReference; lastKnownFileType = sourcecode.c.objc; path = main.m; sourceTree = "<group>"; };
		581BB8F6289763A10052D000 /* 4.学生管理系统Tests.xctest */ = {isa = PBXFileReference; explicitFileType = wrapper.cfbundle; includeInIndex = 0; path = "4.学生管理系统Tests.xctest"; sourceTree = BUILT_PRODUCTS_DIR; };
		581BB8FA289763A10052D000 /* ________Tests.m */ = {isa = PBXFileReference; lastKnownFileType = sourcecode.c.objc; path = "________Tests.m"; sourceTree = "<group>"; };
		581BB900289763A10052D000 /* 4.学生管理系统UITests.xctest */ = {isa = PBXFileReference; explicitFileType = wrapper.cfbundle; includeInIndex = 0; path = "4.学生管理系统UITests.xctest"; sourceTree = BUILT_PRODUCTS_DIR; };
		581BB904289763A10052D000 /* ________UITests.m */ = {isa = PBXFileReference; lastKnownFileType = sourcecode.c.objc; path = "________UITests.m"; sourceTree = "<group>"; };
		581BB906289763A10052D000 /* ________UITestsLaunchTests.m */ = {isa = PBXFileReference; lastKnownFileType = sourcecode.c.objc; path = "________UITestsLaunchTests.m"; sourceTree = "<group>"; };
		581BB914289763FC0052D000 /* LogViewController.h */ = {isa = PBXFileReference; fileEncoding = 4; lastKnownFileType = sourcecode.c.h; path = LogViewController.h; sourceTree = "<group>"; };
		581BB915289763FC0052D000 /* RegisterViewController.m */ = {isa = PBXFileReference; fileEncoding = 4; lastKnownFileType = sourcecode.c.objc; path = RegisterViewController.m; sourceTree = "<group>"; };
		581BB916289763FC0052D000 /* LogViewController.m */ = {isa = PBXFileReference; fileEncoding = 4; lastKnownFileType = sourcecode.c.objc; path = LogViewController.m; sourceTree = "<group>"; };
		581BB917289763FC0052D000 /* RegisterViewController.h */ = {isa = PBXFileReference; fileEncoding = 4; lastKnownFileType = sourcecode.c.h; path = RegisterViewController.h; sourceTree = "<group>"; };
		581BB92B2897643C0052D000 /* AppDelegate.h */ = {isa = PBXFileReference; fileEncoding = 4; lastKnownFileType = sourcecode.c.h; path = AppDelegate.h; sourceTree = "<group>"; };
		581BB92D2897643C0052D000 /* InitViewController.m */ = {isa = PBXFileReference; fileEncoding = 4; lastKnownFileType = sourcecode.c.objc; path = InitViewController.m; sourceTree = "<group>"; };
		581BB92E2897643C0052D000 /* ViewController.m */ = {isa = PBXFileReference; fileEncoding = 4; lastKnownFileType = sourcecode.c.objc; path = ViewController.m; sourceTree = "<group>"; };
		581BB92F2897643C0052D000 /* SceneDelegate.m */ = {isa = PBXFileReference; fileEncoding = 4; lastKnownFileType = sourcecode.c.objc; path = SceneDelegate.m; sourceTree = "<group>"; };
		581BB9312897643C0052D000 /* AppDelegate.m */ = {isa = PBXFileReference; fileEncoding = 4; lastKnownFileType = sourcecode.c.objc; path = AppDelegate.m; sourceTree = "<group>"; };
		581BB9322897643C0052D000 /* InitViewController.h */ = {isa = PBXFileReference; fileEncoding = 4; lastKnownFileType = sourcecode.c.h; path = InitViewController.h; sourceTree = "<group>"; };
		581BB9332897643C0052D000 /* ViewController.h */ = {isa = PBXFileReference; fileEncoding = 4; lastKnownFileType = sourcecode.c.h; path = ViewController.h; sourceTree = "<group>"; };
		581BB9342897643C0052D000 /* SceneDelegate.h */ = {isa = PBXFileReference; fileEncoding = 4; lastKnownFileType = sourcecode.c.h; path = SceneDelegate.h; sourceTree = "<group>"; };
		581BB93B289765260052D000 /* 1.jpg */ = {isa = PBXFileReference; lastKnownFileType = image.jpeg; path = 1.jpg; sourceTree = "<group>"; };
		581BB93D289766240052D000 /* back_img.png */ = {isa = PBXFileReference; lastKnownFileType = image.png; path = back_img.png; sourceTree = "<group>"; };
		581BB941289768550052D000 /* 2.jpg */ = {isa = PBXFileReference; lastKnownFileType = image.jpeg; name = 2.jpg; path = ../../../2.jpg; sourceTree = "<group>"; };
		581BB943289768A80052D000 /* email_img.png */ = {isa = PBXFileReference; lastKnownFileType = image.png; path = email_img.png; sourceTree = "<group>"; };
		581BB945289768AE0052D000 /* user_img.png */ = {isa = PBXFileReference; lastKnownFileType = image.png; path = user_img.png; sourceTree = "<group>"; };
		581BB947289768B20052D000 /* pass_img.png */ = {isa = PBXFileReference; lastKnownFileType = image.png; path = pass_img.png; sourceTree = "<group>"; };
		581BB949289768F90052D000 /* checked1.png */ = {isa = PBXFileReference; lastKnownFileType = image.png; path = checked1.png; sourceTree = "<group>"; };
		581BB94A289768F90052D000 /* unchecked1.png */ = {isa = PBXFileReference; lastKnownFileType = image.png; path = unchecked1.png; sourceTree = "<group>"; };
		581BB94E289769630052D000 /* HomeViewController.h */ = {isa = PBXFileReference; lastKnownFileType = sourcecode.c.h; path = HomeViewController.h; sourceTree = "<group>"; };
		581BB94F289769630052D000 /* HomeViewController.m */ = {isa = PBXFileReference; lastKnownFileType = sourcecode.c.objc; path = HomeViewController.m; sourceTree = "<group>"; };
		581BB951289769E30052D000 /* background.png */ = {isa = PBXFileReference; lastKnownFileType = image.png; path = background.png; sourceTree = "<group>"; };
		581BB95328977F3F0052D000 /* MyTableViewCell.h */ = {isa = PBXFileReference; lastKnownFileType = sourcecode.c.h; path = MyTableViewCell.h; sourceTree = "<group>"; };
		581BB95428977F3F0052D000 /* MyTableViewCell.m */ = {isa = PBXFileReference; lastKnownFileType = sourcecode.c.objc; path = MyTableViewCell.m; sourceTree = "<group>"; };
		581BB9562897986F0052D000 /* IncreaseViewController.h */ = {isa = PBXFileReference; lastKnownFileType = sourcecode.c.h; path = IncreaseViewController.h; sourceTree = "<group>"; };
		581BB957289798700052D000 /* IncreaseViewController.m */ = {isa = PBXFileReference; lastKnownFileType = sourcecode.c.objc; path = IncreaseViewController.m; sourceTree = "<group>"; };
		581BB959289798810052D000 /* DeleteViewController.h */ = {isa = PBXFileReference; lastKnownFileType = sourcecode.c.h; path = DeleteViewController.h; sourceTree = "<group>"; };
		581BB95A289798810052D000 /* DeleteViewController.m */ = {isa = PBXFileReference; lastKnownFileType = sourcecode.c.objc; path = DeleteViewController.m; sourceTree = "<group>"; };
		581BB95C289798910052D000 /* ChangeViewController.h */ = {isa = PBXFileReference; lastKnownFileType = sourcecode.c.h; path = ChangeViewController.h; sourceTree = "<group>"; };
		581BB95D289798910052D000 /* ChangeViewController.m */ = {isa = PBXFileReference; lastKnownFileType = sourcecode.c.objc; path = ChangeViewController.m; sourceTree = "<group>"; };
		581BB95F289798A30052D000 /* SearchViewController.h */ = {isa = PBXFileReference; lastKnownFileType = sourcecode.c.h; path = SearchViewController.h; sourceTree = "<group>"; };
		581BB960289798A30052D000 /* SearchViewController.m */ = {isa = PBXFileReference; lastKnownFileType = sourcecode.c.objc; path = SearchViewController.m; sourceTree = "<group>"; };
		581BB962289798B30052D000 /* SortViewController.h */ = {isa = PBXFileReference; lastKnownFileType = sourcecode.c.h; path = SortViewController.h; sourceTree = "<group>"; };
		581BB963289798B30052D000 /* SortViewController.m */ = {isa = PBXFileReference; lastKnownFileType = sourcecode.c.objc; path = SortViewController.m; sourceTree = "<group>"; };
		581BB9652897A7630052D000 /* chengji.png */ = {isa = PBXFileReference; lastKnownFileType = image.png; path = chengji.png; sourceTree = "<group>"; };
		581BB9662897A7630052D000 /* banji.png */ = {isa = PBXFileReference; lastKnownFileType = image.png; path = banji.png; sourceTree = "<group>"; };
		581BB9672897A7630052D000 /* xingming.png */ = {isa = PBXFileReference; lastKnownFileType = image.png; path = xingming.png; sourceTree = "<group>"; };
/* End PBXFileReference section */

/* Begin PBXFrameworksBuildPhase section */
		581BB8D8289763A10052D000 /* Frameworks */ = {
			isa = PBXFrameworksBuildPhase;
			buildActionMask = 2147483647;
			files = (
			);
			runOnlyForDeploymentPostprocessing = 0;
		};
		581BB8F3289763A10052D000 /* Frameworks */ = {
			isa = PBXFrameworksBuildPhase;
			buildActionMask = 2147483647;
			files = (
			);
			runOnlyForDeploymentPostprocessing = 0;
		};
		581BB8FD289763A10052D000 /* Frameworks */ = {
			isa = PBXFrameworksBuildPhase;
			buildActionMask = 2147483647;
			files = (
			);
			runOnlyForDeploymentPostprocessing = 0;
		};
/* End PBXFrameworksBuildPhase section */

/* Begin PBXGroup section */
		581BB8D2289763A10052D000 = {
			isa = PBXGroup;
			children = (
				581BB8DD289763A10052D000 /* 4.学生管理系统 */,
				581BB8F9289763A10052D000 /* 4.学生管理系统Tests */,
				581BB903289763A10052D000 /* 4.学生管理系统UITests */,
				581BB8DC289763A10052D000 /* Products */,
			);
			sourceTree = "<group>";
		};
		581BB8DC289763A10052D000 /* Products */ = {
			isa = PBXGroup;
			children = (
				581BB8DB289763A10052D000 /* 4.学生管理系统.app */,
				581BB8F6289763A10052D000 /* 4.学生管理系统Tests.xctest */,
				581BB900289763A10052D000 /* 4.学生管理系统UITests.xctest */,
			);
			name = Products;
			sourceTree = "<group>";
		};
		581BB8DD289763A10052D000 /* 4.学生管理系统 */ = {
			isa = PBXGroup;
			children = (
				581BB93A2897650B0052D000 /* image */,
				581BB92A2897643C0052D000 /* FirstShow */,
				581BB913289763FC0052D000 /* LogViewController */,
				581BB94D289769230052D000 /* ViewController */,
				581BB8E7289763A10052D000 /* Main.storyboard */,
				581BB8EA289763A10052D000 /* Assets.xcassets */,
				581BB8EC289763A10052D000 /* LaunchScreen.storyboard */,
				581BB8EF289763A10052D000 /* Info.plist */,
				581BB8F0289763A10052D000 /* main.m */,
			);
			path = "4.学生管理系统";
			sourceTree = "<group>";
		};
		581BB8F9289763A10052D000 /* 4.学生管理系统Tests */ = {
			isa = PBXGroup;
			children = (
				581BB8FA289763A10052D000 /* ________Tests.m */,
			);
			path = "4.学生管理系统Tests";
			sourceTree = "<group>";
		};
		581BB903289763A10052D000 /* 4.学生管理系统UITests */ = {
			isa = PBXGroup;
			children = (
				581BB904289763A10052D000 /* ________UITests.m */,
				581BB906289763A10052D000 /* ________UITestsLaunchTests.m */,
			);
			path = "4.学生管理系统UITests";
			sourceTree = "<group>";
		};
		581BB913289763FC0052D000 /* LogViewController */ = {
			isa = PBXGroup;
			children = (
				581BB914289763FC0052D000 /* LogViewController.h */,
				581BB916289763FC0052D000 /* LogViewController.m */,
				581BB917289763FC0052D000 /* RegisterViewController.h */,
				581BB915289763FC0052D000 /* RegisterViewController.m */,
			);
			path = LogViewController;
			sourceTree = "<group>";
		};
		581BB92A2897643C0052D000 /* FirstShow */ = {
			isa = PBXGroup;
			children = (
				581BB92B2897643C0052D000 /* AppDelegate.h */,
				581BB9312897643C0052D000 /* AppDelegate.m */,
				581BB9342897643C0052D000 /* SceneDelegate.h */,
				581BB92F2897643C0052D000 /* SceneDelegate.m */,
				581BB9332897643C0052D000 /* ViewController.h */,
				581BB92E2897643C0052D000 /* ViewController.m */,
				581BB9322897643C0052D000 /* InitViewController.h */,
				581BB92D2897643C0052D000 /* InitViewController.m */,
			);
			name = FirstShow;
			path = ../../3.3Gshare/3.3Gshare/FirstShow;
			sourceTree = "<group>";
		};
		581BB93A2897650B0052D000 /* image */ = {
			isa = PBXGroup;
			children = (
				581BB9662897A7630052D000 /* banji.png */,
				581BB9652897A7630052D000 /* chengji.png */,
				581BB9672897A7630052D000 /* xingming.png */,
				581BB951289769E30052D000 /* background.png */,
				581BB93D289766240052D000 /* back_img.png */,
				581BB93B289765260052D000 /* 1.jpg */,
				581BB941289768550052D000 /* 2.jpg */,
				581BB943289768A80052D000 /* email_img.png */,
				581BB945289768AE0052D000 /* user_img.png */,
				581BB947289768B20052D000 /* pass_img.png */,
				581BB949289768F90052D000 /* checked1.png */,
				581BB94A289768F90052D000 /* unchecked1.png */,
			);
			path = image;
			sourceTree = "<group>";
		};
		581BB94D289769230052D000 /* ViewController */ = {
			isa = PBXGroup;
			children = (
				581BB94E289769630052D000 /* HomeViewController.h */,
				581BB94F289769630052D000 /* HomeViewController.m */,
				581BB9562897986F0052D000 /* IncreaseViewController.h */,
				581BB957289798700052D000 /* IncreaseViewController.m */,
				581BB959289798810052D000 /* DeleteViewController.h */,
				581BB95A289798810052D000 /* DeleteViewController.m */,
				581BB95C289798910052D000 /* ChangeViewController.h */,
				581BB95D289798910052D000 /* ChangeViewController.m */,
				581BB95F289798A30052D000 /* SearchViewController.h */,
				581BB960289798A30052D000 /* SearchViewController.m */,
				581BB962289798B30052D000 /* SortViewController.h */,
				581BB963289798B30052D000 /* SortViewController.m */,
				581BB95328977F3F0052D000 /* MyTableViewCell.h */,
				581BB95428977F3F0052D000 /* MyTableViewCell.m */,
			);
			path = ViewController;
			sourceTree = "<group>";
		};
/* End PBXGroup section */

/* Begin PBXNativeTarget section */
		581BB8DA289763A10052D000 /* 4.学生管理系统 */ = {
			isa = PBXNativeTarget;
			buildConfigurationList = 581BB90A289763A10052D000 /* Build configuration list for PBXNativeTarget "4.学生管理系统" */;
			buildPhases = (
				581BB8D7289763A10052D000 /* Sources */,
				581BB8D8289763A10052D000 /* Frameworks */,
				581BB8D9289763A10052D000 /* Resources */,
			);
			buildRules = (
			);
			dependencies = (
			);
			name = "4.学生管理系统";
			productName = "4.学生管理系统";
			productReference = 581BB8DB289763A10052D000 /* 4.学生管理系统.app */;
			productType = "com.apple.product-type.application";
		};
		581BB8F5289763A10052D000 /* 4.学生管理系统Tests */ = {
			isa = PBXNativeTarget;
			buildConfigurationList = 581BB90D289763A10052D000 /* Build configuration list for PBXNativeTarget "4.学生管理系统Tests" */;
			buildPhases = (
				581BB8F2289763A10052D000 /* Sources */,
				581BB8F3289763A10052D000 /* Frameworks */,
				581BB8F4289763A10052D000 /* Resources */,
			);
			buildRules = (
			);
			dependencies = (
				581BB8F8289763A10052D000 /* PBXTargetDependency */,
			);
			name = "4.学生管理系统Tests";
			productName = "4.学生管理系统Tests";
			productReference = 581BB8F6289763A10052D000 /* 4.学生管理系统Tests.xctest */;
			productType = "com.apple.product-type.bundle.unit-test";
		};
		581BB8FF289763A10052D000 /* 4.学生管理系统UITests */ = {
			isa = PBXNativeTarget;
			buildConfigurationList = 581BB910289763A10052D000 /* Build configuration list for PBXNativeTarget "4.学生管理系统UITests" */;
			buildPhases = (
				581BB8FC289763A10052D000 /* Sources */,
				581BB8FD289763A10052D000 /* Frameworks */,
				581BB8FE289763A10052D000 /* Resources */,
			);
			buildRules = (
			);
			dependencies = (
				581BB902289763A10052D000 /* PBXTargetDependency */,
			);
			name = "4.学生管理系统UITests";
			productName = "4.学生管理系统UITests";
			productReference = 581BB900289763A10052D000 /* 4.学生管理系统UITests.xctest */;
			productType = "com.apple.product-type.bundle.ui-testing";
		};
/* End PBXNativeTarget section */

/* Begin PBXProject section */
		581BB8D3289763A10052D000 /* Project object */ = {
			isa = PBXProject;
			attributes = {
				BuildIndependentTargetsInParallel = 1;
				LastUpgradeCheck = 1340;
				TargetAttributes = {
					581BB8DA289763A10052D000 = {
						CreatedOnToolsVersion = 13.4;
					};
					581BB8F5289763A10052D000 = {
						CreatedOnToolsVersion = 13.4;
						TestTargetID = 581BB8DA289763A10052D000;
					};
					581BB8FF289763A10052D000 = {
						CreatedOnToolsVersion = 13.4;
						TestTargetID = 581BB8DA289763A10052D000;
					};
				};
			};
			buildConfigurationList = 581BB8D6289763A10052D000 /* Build configuration list for PBXProject "4.学生管理系统" */;
			compatibilityVersion = "Xcode 13.0";
			developmentRegion = en;
			hasScannedForEncodings = 0;
			knownRegions = (
				en,
				Base,
			);
			mainGroup = 581BB8D2289763A10052D000;
			productRefGroup = 581BB8DC289763A10052D000 /* Products */;
			projectDirPath = "";
			projectRoot = "";
			targets = (
				581BB8DA289763A10052D000 /* 4.学生管理系统 */,
				581BB8F5289763A10052D000 /* 4.学生管理系统Tests */,
				581BB8FF289763A10052D000 /* 4.学生管理系统UITests */,
			);
		};
/* End PBXProject section */

/* Begin PBXResourcesBuildPhase section */
		581BB8D9289763A10052D000 /* Resources */ = {
			isa = PBXResourcesBuildPhase;
			buildActionMask = 2147483647;
			files = (
				581BB942289768550052D000 /* 2.jpg in Resources */,
				581BB952289769E30052D000 /* background.png in Resources */,
				581BB9692897A7640052D000 /* banji.png in Resources */,
				581BB8EE289763A10052D000 /* LaunchScreen.storyboard in Resources */,
				581BB946289768AE0052D000 /* user_img.png in Resources */,
				581BB94C289768F90052D000 /* unchecked1.png in Resources */,
				581BB93C289765260052D000 /* 1.jpg in Resources */,
				581BB9682897A7640052D000 /* chengji.png in Resources */,
				581BB93E289766240052D000 /* back_img.png in Resources */,
				581BB94B289768F90052D000 /* checked1.png in Resources */,
				581BB8EB289763A10052D000 /* Assets.xcassets in Resources */,
				581BB948289768B20052D000 /* pass_img.png in Resources */,
				581BB96A2897A7640052D000 /* xingming.png in Resources */,
				581BB8E9289763A10052D000 /* Main.storyboard in Resources */,
				581BB944289768A80052D000 /* email_img.png in Resources */,
			);
			runOnlyForDeploymentPostprocessing = 0;
		};
		581BB8F4289763A10052D000 /* Resources */ = {
			isa = PBXResourcesBuildPhase;
			buildActionMask = 2147483647;
			files = (
			);
			runOnlyForDeploymentPostprocessing = 0;
		};
		581BB8FE289763A10052D000 /* Resources */ = {
			isa = PBXResourcesBuildPhase;
			buildActionMask = 2147483647;
			files = (
			);
			runOnlyForDeploymentPostprocessing = 0;
		};
/* End PBXResourcesBuildPhase section */

/* Begin PBXSourcesBuildPhase section */
		581BB8D7289763A10052D000 /* Sources */ = {
			isa = PBXSourcesBuildPhase;
			buildActionMask = 2147483647;
			files = (
				581BB918289763FC0052D000 /* RegisterViewController.m in Sources */,
				581BB961289798A30052D000 /* SearchViewController.m in Sources */,
				581BB9372897643C0052D000 /* SceneDelegate.m in Sources */,
				581BB95E289798910052D000 /* ChangeViewController.m in Sources */,
				581BB964289798B30052D000 /* SortViewController.m in Sources */,
				581BB8F1289763A10052D000 /* main.m in Sources */,
				581BB95528977F3F0052D000 /* MyTableViewCell.m in Sources */,
				581BB9392897643C0052D000 /* AppDelegate.m in Sources */,
				581BB9352897643C0052D000 /* InitViewController.m in Sources */,
				581BB958289798700052D000 /* IncreaseViewController.m in Sources */,
				581BB919289763FC0052D000 /* LogViewController.m in Sources */,
				581BB9362897643C0052D000 /* ViewController.m in Sources */,
				581BB95B289798810052D000 /* DeleteViewController.m in Sources */,
				581BB950289769630052D000 /* HomeViewController.m in Sources */,
			);
			runOnlyForDeploymentPostprocessing = 0;
		};
		581BB8F2289763A10052D000 /* Sources */ = {
			isa = PBXSourcesBuildPhase;
			buildActionMask = 2147483647;
			files = (
				581BB8FB289763A10052D000 /* ________Tests.m in Sources */,
			);
			runOnlyForDeploymentPostprocessing = 0;
		};
		581BB8FC289763A10052D000 /* Sources */ = {
			isa = PBXSourcesBuildPhase;
			buildActionMask = 2147483647;
			files = (
				581BB907289763A10052D000 /* ________UITestsLaunchTests.m in Sources */,
				581BB905289763A10052D000 /* ________UITests.m in Sources */,
			);
			runOnlyForDeploymentPostprocessing = 0;
		};
/* End PBXSourcesBuildPhase section */

/* Begin PBXTargetDependency section */
		581BB8F8289763A10052D000 /* PBXTargetDependency */ = {
			isa = PBXTargetDependency;
			target = 581BB8DA289763A10052D000 /* 4.学生管理系统 */;
			targetProxy = 581BB8F7289763A10052D000 /* PBXContainerItemProxy */;
		};
		581BB902289763A10052D000 /* PBXTargetDependency */ = {
			isa = PBXTargetDependency;
			target = 581BB8DA289763A10052D000 /* 4.学生管理系统 */;
			targetProxy = 581BB901289763A10052D000 /* PBXContainerItemProxy */;
		};
/* End PBXTargetDependency section */

/* Begin PBXVariantGroup section */
		581BB8E7289763A10052D000 /* Main.storyboard */ = {
			isa = PBXVariantGroup;
			children = (
				581BB8E8289763A10052D000 /* Base */,
			);
			name = Main.storyboard;
			sourceTree = "<group>";
		};
		581BB8EC289763A10052D000 /* LaunchScreen.storyboard */ = {
			isa = PBXVariantGroup;
			children = (
				581BB8ED289763A10052D000 /* Base */,
			);
			name = LaunchScreen.storyboard;
			sourceTree = "<group>";
		};
/* End PBXVariantGroup section */

/* Begin XCBuildConfiguration section */
		581BB908289763A10052D000 /* Debug */ = {
			isa = XCBuildConfiguration;
			buildSettings = {
				ALWAYS_SEARCH_USER_PATHS = NO;
				CLANG_ANALYZER_NONNULL = YES;
				CLANG_ANALYZER_NUMBER_OBJECT_CONVERSION = YES_AGGRESSIVE;
				CLANG_CXX_LANGUAGE_STANDARD = "gnu++17";
				CLANG_ENABLE_MODULES = YES;
				CLANG_ENABLE_OBJC_ARC = YES;
				CLANG_ENABLE_OBJC_WEAK = YES;
				CLANG_WARN_BLOCK_CAPTURE_AUTORELEASING = YES;
				CLANG_WARN_BOOL_CONVERSION = YES;
				CLANG_WARN_COMMA = YES;
				CLANG_WARN_CONSTANT_CONVERSION = YES;
				CLANG_WARN_DEPRECATED_OBJC_IMPLEMENTATIONS = YES;
				CLANG_WARN_DIRECT_OBJC_ISA_USAGE = YES_ERROR;
				CLANG_WARN_DOCUMENTATION_COMMENTS = YES;
				CLANG_WARN_EMPTY_BODY = YES;
				CLANG_WARN_ENUM_CONVERSION = YES;
				CLANG_WARN_INFINITE_RECURSION = YES;
				CLANG_WARN_INT_CONVERSION = YES;
				CLANG_WARN_NON_LITERAL_NULL_CONVERSION = YES;
				CLANG_WARN_OBJC_IMPLICIT_RETAIN_SELF = NO;
				CLANG_WARN_OBJC_LITERAL_CONVERSION = YES;
				CLANG_WARN_OBJC_ROOT_CLASS = YES_ERROR;
				CLANG_WARN_QUOTED_INCLUDE_IN_FRAMEWORK_HEADER = YES;
				CLANG_WARN_RANGE_LOOP_ANALYSIS = YES;
				CLANG_WARN_STRICT_PROTOTYPES = YES;
				CLANG_WARN_SUSPICIOUS_MOVE = YES;
				CLANG_WARN_UNGUARDED_AVAILABILITY = YES_AGGRESSIVE;
				CLANG_WARN_UNREACHABLE_CODE = YES;
				CLANG_WARN__DUPLICATE_METHOD_MATCH = YES;
				COPY_PHASE_STRIP = NO;
				DEBUG_INFORMATION_FORMAT = dwarf;
				ENABLE_STRICT_OBJC_MSGSEND = YES;
				ENABLE_TESTABILITY = YES;
				GCC_C_LANGUAGE_STANDARD = gnu11;
				GCC_DYNAMIC_NO_PIC = NO;
				GCC_NO_COMMON_BLOCKS = YES;
				GCC_OPTIMIZATION_LEVEL = 0;
				GCC_PREPROCESSOR_DEFINITIONS = (
					"DEBUG=1",
					"$(inherited)",
				);
				GCC_WARN_64_TO_32_BIT_CONVERSION = YES;
				GCC_WARN_ABOUT_RETURN_TYPE = YES_ERROR;
				GCC_WARN_UNDECLARED_SELECTOR = YES;
				GCC_WARN_UNINITIALIZED_AUTOS = YES_AGGRESSIVE;
				GCC_WARN_UNUSED_FUNCTION = YES;
				GCC_WARN_UNUSED_VARIABLE = YES;
				IPHONEOS_DEPLOYMENT_TARGET = 15.5;
				MTL_ENABLE_DEBUG_INFO = INCLUDE_SOURCE;
				MTL_FAST_MATH = YES;
				ONLY_ACTIVE_ARCH = YES;
				SDKROOT = iphoneos;
			};
			name = Debug;
		};
		581BB909289763A10052D000 /* Release */ = {
			isa = XCBuildConfiguration;
			buildSettings = {
				ALWAYS_SEARCH_USER_PATHS = NO;
				CLANG_ANALYZER_NONNULL = YES;
				CLANG_ANALYZER_NUMBER_OBJECT_CONVERSION = YES_AGGRESSIVE;
				CLANG_CXX_LANGUAGE_STANDARD = "gnu++17";
				CLANG_ENABLE_MODULES = YES;
				CLANG_ENABLE_OBJC_ARC = YES;
				CLANG_ENABLE_OBJC_WEAK = YES;
				CLANG_WARN_BLOCK_CAPTURE_AUTORELEASING = YES;
				CLANG_WARN_BOOL_CONVERSION = YES;
				CLANG_WARN_COMMA = YES;
				CLANG_WARN_CONSTANT_CONVERSION = YES;
				CLANG_WARN_DEPRECATED_OBJC_IMPLEMENTATIONS = YES;
				CLANG_WARN_DIRECT_OBJC_ISA_USAGE = YES_ERROR;
				CLANG_WARN_DOCUMENTATION_COMMENTS = YES;
				CLANG_WARN_EMPTY_BODY = YES;
				CLANG_WARN_ENUM_CONVERSION = YES;
				CLANG_WARN_INFINITE_RECURSION = YES;
				CLANG_WARN_INT_CONVERSION = YES;
				CLANG_WARN_NON_LITERAL_NULL_CONVERSION = YES;
				CLANG_WARN_OBJC_IMPLICIT_RETAIN_SELF = NO;
				CLANG_WARN_OBJC_LITERAL_CONVERSION = YES;
				CLANG_WARN_OBJC_ROOT_CLASS = YES_ERROR;
				CLANG_WARN_QUOTED_INCLUDE_IN_FRAMEWORK_HEADER = YES;
				CLANG_WARN_RANGE_LOOP_ANALYSIS = YES;
				CLANG_WARN_STRICT_PROTOTYPES = YES;
				CLANG_WARN_SUSPICIOUS_MOVE = YES;
				CLANG_WARN_UNGUARDED_AVAILABILITY = YES_AGGRESSIVE;
				CLANG_WARN_UNREACHABLE_CODE = YES;
				CLANG_WARN__DUPLICATE_METHOD_MATCH = YES;
				COPY_PHASE_STRIP = NO;
				DEBUG_INFORMATION_FORMAT = "dwarf-with-dsym";
				ENABLE_NS_ASSERTIONS = NO;
				ENABLE_STRICT_OBJC_MSGSEND = YES;
				GCC_C_LANGUAGE_STANDARD = gnu11;
				GCC_NO_COMMON_BLOCKS = YES;
				GCC_WARN_64_TO_32_BIT_CONVERSION = YES;
				GCC_WARN_ABOUT_RETURN_TYPE = YES_ERROR;
				GCC_WARN_UNDECLARED_SELECTOR = YES;
				GCC_WARN_UNINITIALIZED_AUTOS = YES_AGGRESSIVE;
				GCC_WARN_UNUSED_FUNCTION = YES;
				GCC_WARN_UNUSED_VARIABLE = YES;
				IPHONEOS_DEPLOYMENT_TARGET = 15.5;
				MTL_ENABLE_DEBUG_INFO = NO;
				MTL_FAST_MATH = YES;
				SDKROOT = iphoneos;
				VALIDATE_PRODUCT = YES;
			};
			name = Release;
		};
		581BB90B289763A10052D000 /* Debug */ = {
			isa = XCBuildConfiguration;
			buildSettings = {
				ASSETCATALOG_COMPILER_APPICON_NAME = AppIcon;
				ASSETCATALOG_COMPILER_GLOBAL_ACCENT_COLOR_NAME = AccentColor;
				CODE_SIGN_STYLE = Automatic;
				CURRENT_PROJECT_VERSION = 1;
				DEVELOPMENT_TEAM = 2K97J7XJC7;
				GENERATE_INFOPLIST_FILE = YES;
				INFOPLIST_FILE = "4.学生管理系统/Info.plist";
				INFOPLIST_KEY_UIApplicationSupportsIndirectInputEvents = YES;
				INFOPLIST_KEY_UILaunchStoryboardName = LaunchScreen;
				INFOPLIST_KEY_UIMainStoryboardFile = Main;
				INFOPLIST_KEY_UISupportedInterfaceOrientations_iPad = "UIInterfaceOrientationPortrait UIInterfaceOrientationPortraitUpsideDown UIInterfaceOrientationLandscapeLeft UIInterfaceOrientationLandscapeRight";
				INFOPLIST_KEY_UISupportedInterfaceOrientations_iPhone = "UIInterfaceOrientationPortrait UIInterfaceOrientationLandscapeLeft UIInterfaceOrientationLandscapeRight";
				LD_RUNPATH_SEARCH_PATHS = (
					"$(inherited)",
					"@executable_path/Frameworks",
				);
				MARKETING_VERSION = 1.0;
				PRODUCT_BUNDLE_IDENTIFIER = "-.--------";
				PRODUCT_NAME = "$(TARGET_NAME)";
				SWIFT_EMIT_LOC_STRINGS = YES;
				TARGETED_DEVICE_FAMILY = "1,2";
			};
			name = Debug;
		};
		581BB90C289763A10052D000 /* Release */ = {
			isa = XCBuildConfiguration;
			buildSettings = {
				ASSETCATALOG_COMPILER_APPICON_NAME = AppIcon;
				ASSETCATALOG_COMPILER_GLOBAL_ACCENT_COLOR_NAME = AccentColor;
				CODE_SIGN_STYLE = Automatic;
				CURRENT_PROJECT_VERSION = 1;
				DEVELOPMENT_TEAM = 2K97J7XJC7;
				GENERATE_INFOPLIST_FILE = YES;
				INFOPLIST_FILE = "4.学生管理系统/Info.plist";
				INFOPLIST_KEY_UIApplicationSupportsIndirectInputEvents = YES;
				INFOPLIST_KEY_UILaunchStoryboardName = LaunchScreen;
				INFOPLIST_KEY_UIMainStoryboardFile = Main;
				INFOPLIST_KEY_UISupportedInterfaceOrientations_iPad = "UIInterfaceOrientationPortrait UIInterfaceOrientationPortraitUpsideDown UIInterfaceOrientationLandscapeLeft UIInterfaceOrientationLandscapeRight";
				INFOPLIST_KEY_UISupportedInterfaceOrientations_iPhone = "UIInterfaceOrientationPortrait UIInterfaceOrientationLandscapeLeft UIInterfaceOrientationLandscapeRight";
				LD_RUNPATH_SEARCH_PATHS = (
					"$(inherited)",
					"@executable_path/Frameworks",
				);
				MARKETING_VERSION = 1.0;
				PRODUCT_BUNDLE_IDENTIFIER = "-.--------";
				PRODUCT_NAME = "$(TARGET_NAME)";
				SWIFT_EMIT_LOC_STRINGS = YES;
				TARGETED_DEVICE_FAMILY = "1,2";
			};
			name = Release;
		};
		581BB90E289763A10052D000 /* Debug */ = {
			isa = XCBuildConfiguration;
			buildSettings = {
				BUNDLE_LOADER = "$(TEST_HOST)";
				CODE_SIGN_STYLE = Automatic;
				CURRENT_PROJECT_VERSION = 1;
				DEVELOPMENT_TEAM = 2K97J7XJC7;
				GENERATE_INFOPLIST_FILE = YES;
				IPHONEOS_DEPLOYMENT_TARGET = 15.5;
				MARKETING_VERSION = 1.0;
				PRODUCT_BUNDLE_IDENTIFIER = "-.--------Tests";
				PRODUCT_NAME = "$(TARGET_NAME)";
				SWIFT_EMIT_LOC_STRINGS = NO;
				TARGETED_DEVICE_FAMILY = "1,2";
				TEST_HOST = "$(BUILT_PRODUCTS_DIR)/4.学生管理系统.app/4.学生管理系统";
			};
			name = Debug;
		};
		581BB90F289763A10052D000 /* Release */ = {
			isa = XCBuildConfiguration;
			buildSettings = {
				BUNDLE_LOADER = "$(TEST_HOST)";
				CODE_SIGN_STYLE = Automatic;
				CURRENT_PROJECT_VERSION = 1;
				DEVELOPMENT_TEAM = 2K97J7XJC7;
				GENERATE_INFOPLIST_FILE = YES;
				IPHONEOS_DEPLOYMENT_TARGET = 15.5;
				MARKETING_VERSION = 1.0;
				PRODUCT_BUNDLE_IDENTIFIER = "-.--------Tests";
				PRODUCT_NAME = "$(TARGET_NAME)";
				SWIFT_EMIT_LOC_STRINGS = NO;
				TARGETED_DEVICE_FAMILY = "1,2";
				TEST_HOST = "$(BUILT_PRODUCTS_DIR)/4.学生管理系统.app/4.学生管理系统";
			};
			name = Release;
		};
		581BB911289763A10052D000 /* Debug */ = {
			isa = XCBuildConfiguration;
			buildSettings = {
				CODE_SIGN_STYLE = Automatic;
				CURRENT_PROJECT_VERSION = 1;
				DEVELOPMENT_TEAM = 2K97J7XJC7;
				GENERATE_INFOPLIST_FILE = YES;
				MARKETING_VERSION = 1.0;
				PRODUCT_BUNDLE_IDENTIFIER = "-.--------UITests";
				PRODUCT_NAME = "$(TARGET_NAME)";
				SWIFT_EMIT_LOC_STRINGS = NO;
				TARGETED_DEVICE_FAMILY = "1,2";
				TEST_TARGET_NAME = "4.学生管理系统";
			};
			name = Debug;
		};
		581BB912289763A10052D000 /* Release */ = {
			isa = XCBuildConfiguration;
			buildSettings = {
				CODE_SIGN_STYLE = Automatic;
				CURRENT_PROJECT_VERSION = 1;
				DEVELOPMENT_TEAM = 2K97J7XJC7;
				GENERATE_INFOPLIST_FILE = YES;
				MARKETING_VERSION = 1.0;
				PRODUCT_BUNDLE_IDENTIFIER = "-.--------UITests";
				PRODUCT_NAME = "$(TARGET_NAME)";
				SWIFT_EMIT_LOC_STRINGS = NO;
				TARGETED_DEVICE_FAMILY = "1,2";
				TEST_TARGET_NAME = "4.学生管理系统";
			};
			name = Release;
		};
/* End XCBuildConfiguration section */

/* Begin XCConfigurationList section */
		581BB8D6289763A10052D000 /* Build configuration list for PBXProject "4.学生管理系统" */ = {
			isa = XCConfigurationList;
			buildConfigurations = (
				581BB908289763A10052D000 /* Debug */,
				581BB909289763A10052D000 /* Release */,
			);
			defaultConfigurationIsVisible = 0;
			defaultConfigurationName = Release;
		};
		581BB90A289763A10052D000 /* Build configuration list for PBXNativeTarget "4.学生管理系统" */ = {
			isa = XCConfigurationList;
			buildConfigurations = (
				581BB90B289763A10052D000 /* Debug */,
				581BB90C289763A10052D000 /* Release */,
			);
			defaultConfigurationIsVisible = 0;
			defaultConfigurationName = Release;
		};
		581BB90D289763A10052D000 /* Build configuration list for PBXNativeTarget "4.学生管理系统Tests" */ = {
			isa = XCConfigurationList;
			buildConfigurations = (
				581BB90E289763A10052D000 /* Debug */,
				581BB90F289763A10052D000 /* Release */,
			);
			defaultConfigurationIsVisible = 0;
			defaultConfigurationName = Release;
		};
		581BB910289763A10052D000 /* Build configuration list for PBXNativeTarget "4.学生管理系统UITests" */ = {
			isa = XCConfigurationList;
			buildConfigurations = (
				581BB911289763A10052D000 /* Debug */,
				581BB912289763A10052D000 /* Release */,
			);
			defaultConfigurationIsVisible = 0;
			defaultConfigurationName = Release;
		};
/* End XCConfigurationList section */
	};
	rootObject = 581BB8D3289763A10052D000 /* Project object */;
}
